
Microsoft Visual Studio Solution File, Format Version 12.00
# Visual Studio Version 17
VisualStudioVersion = 17.1.31911.260
MinimumVisualStudioVersion = 10.0.40219.1
Project("{FAE04EC0-301F-11D3-BF4B-00C04F79EFBC}") = "qtree.dotnet6.consoleapp", "qtree.dotnet6\qtree.dotnet6.consoleapp.csproj", "{B9410791-974C-4115-A82C-DDE60596D8DD}"
EndProject
Project("{FAE04EC0-301F-11D3-BF4B-00C04F79EFBC}") = "qtree.dotnet6.webapi.dockerized", "qtree.dotnet6.webapi\qtree.dotnet6.webapi.dockerized.csproj", "{9B5DAAEF-8CA5-4637-A484-1C150FAC9D82}"
EndProject
Project("{FAE04EC0-301F-11D3-BF4B-00C04F79EFBC}") = "qtree.dotnet6.blazorapp.dockerized", "qtree.dotnet6.blazorapp\qtree.dotnet6.blazorapp.dockerized.csproj", "{901ED9EE-0150-4866-A7E0-4CF9DC0FFCFE}"
EndProject
Global
	GlobalSection(SolutionConfigurationPlatforms) = preSolution
		Debug|Any CPU = Debug|Any CPU
		Release|Any CPU = Release|Any CPU
	EndGlobalSection
	GlobalSection(ProjectConfigurationPlatforms) = postSolution
		{B9410791-974C-4115-A82C-DDE60596D8DD}.Debug|Any CPU.ActiveCfg = Debug|Any CPU
		{B9410791-974C-4115-A82C-DDE60596D8DD}.Debug|Any CPU.Build.0 = Debug|Any CPU
		{B9410791-974C-4115-A82C-DDE60596D8DD}.Release|Any CPU.ActiveCfg = Release|Any CPU
		{B9410791-974C-4115-A82C-DDE60596D8DD}.Release|Any CPU.Build.0 = Release|Any CPU
		{9B5DAAEF-8CA5-4637-A484-1C150FAC9D82}.Debug|Any CPU.ActiveCfg = Debug|Any CPU
		{9B5DAAEF-8CA5-4637-A484-1C150FAC9D82}.Debug|Any CPU.Build.0 = Debug|Any CPU
		{9B5DAAEF-8CA5-4637-A484-1C150FAC9D82}.Release|Any CPU.ActiveCfg = Release|Any CPU
		{9B5DAAEF-8CA5-4637-A484-1C150FAC9D82}.Release|Any CPU.Build.0 = Release|Any CPU
		{901ED9EE-0150-4866-A7E0-4CF9DC0FFCFE}.Debug|Any CPU.ActiveCfg = Debug|Any CPU
		{901ED9EE-0150-4866-A7E0-4CF9DC0FFCFE}.Debug|Any CPU.Build.0 = Debug|Any CPU
		{901ED9EE-0150-4866-A7E0-4CF9DC0FFCFE}.Release|Any CPU.ActiveCfg = Release|Any CPU
		{901ED9EE-0150-4866-A7E0-4CF9DC0FFCFE}.Release|Any CPU.Build.0 = Release|Any CPU
	EndGlobalSection
	GlobalSection(SolutionProperties) = preSolution
		HideSolutionNode = FALSE
	EndGlobalSection
	GlobalSection(ExtensibilityGlobals) = postSolution
		SolutionGuid = {ADD936E3-E855-49DF-AC95-6361AC0D1246}
	EndGlobalSection
EndGlobal
